
Microsoft Visual Studio Solution File, Format Version 12.00
# Visual Studio Version 16
VisualStudioVersion = 16.0.29102.190
MinimumVisualStudioVersion = 10.0.40219.1
Project("{FAE04EC0-301F-11D3-BF4B-00C04F79EFBC}") = "ParqueoSolution", "ParqueoSolution.csproj", "{61D727B9-A2B8-4BDB-B60E-3606B97BF7CE}"
EndProject
Global
	GlobalSection(SolutionConfigurationPlatforms) = preSolution
		Debug|Any CPU = Debug|Any CPU
		Release|Any CPU = Release|Any CPU
	EndGlobalSection
	GlobalSection(ProjectConfigurationPlatforms) = postSolution
		{61D727B9-A2B8-4BDB-B60E-3606B97BF7CE}.Debug|Any CPU.ActiveCfg = Debug|Any CPU
		{61D727B9-A2B8-4BDB-B60E-3606B97BF7CE}.Debug|Any CPU.Build.0 = Debug|Any CPU
		{61D727B9-A2B8-4BDB-B60E-3606B97BF7CE}.Release|Any CPU.ActiveCfg = Release|Any CPU
		{61D727B9-A2B8-4BDB-B60E-3606B97BF7CE}.Release|Any CPU.Build.0 = Release|Any CPU
	EndGlobalSection
	GlobalSection(SolutionProperties) = preSolution
		HideSolutionNode = FALSE
	EndGlobalSection
	GlobalSection(ExtensibilityGlobals) = postSolution
		SolutionGuid = {0C45213C-DA79-4D56-8208-7E03637154C5}
	EndGlobalSection
EndGlobal
